
Microsoft Visual Studio Solution File, Format Version 12.00
# Visual Studio 15
VisualStudioVersion = 15.0.28307.852
MinimumVisualStudioVersion = 10.0.40219.1
Project("{FAE04EC0-301F-11D3-BF4B-00C04F79EFBC}") = "SchoolEasy.Web", "SchoolEasy.Web\SchoolEasy.Web.csproj", "{65B986AC-BB5A-4DEA-98A3-4564F7859DE2}"
EndProject
Project("{FAE04EC0-301F-11D3-BF4B-00C04F79EFBC}") = "SchoolEasy.Database", "SchoolEasy.Database\SchoolEasy.Database.csproj", "{72743062-FD4D-463F-B7A7-65BB1F648DF8}"
EndProject
Global
	GlobalSection(SolutionConfigurationPlatforms) = preSolution
		Debug|Any CPU = Debug|Any CPU
		Release|Any CPU = Release|Any CPU
	EndGlobalSection
	GlobalSection(ProjectConfigurationPlatforms) = postSolution
		{65B986AC-BB5A-4DEA-98A3-4564F7859DE2}.Debug|Any CPU.ActiveCfg = Debug|Any CPU
		{65B986AC-BB5A-4DEA-98A3-4564F7859DE2}.Debug|Any CPU.Build.0 = Debug|Any CPU
		{65B986AC-BB5A-4DEA-98A3-4564F7859DE2}.Release|Any CPU.ActiveCfg = Release|Any CPU
		{65B986AC-BB5A-4DEA-98A3-4564F7859DE2}.Release|Any CPU.Build.0 = Release|Any CPU
		{72743062-FD4D-463F-B7A7-65BB1F648DF8}.Debug|Any CPU.ActiveCfg = Debug|Any CPU
		{72743062-FD4D-463F-B7A7-65BB1F648DF8}.Debug|Any CPU.Build.0 = Debug|Any CPU
		{72743062-FD4D-463F-B7A7-65BB1F648DF8}.Release|Any CPU.ActiveCfg = Release|Any CPU
		{72743062-FD4D-463F-B7A7-65BB1F648DF8}.Release|Any CPU.Build.0 = Release|Any CPU
	EndGlobalSection
	GlobalSection(SolutionProperties) = preSolution
		HideSolutionNode = FALSE
	EndGlobalSection
	GlobalSection(ExtensibilityGlobals) = postSolution
		SolutionGuid = {5F8C4CD1-D344-43D1-A28B-3E838AB2A8A2}
	EndGlobalSection
EndGlobal
